// !$*UTF8*$!
{
	archiveVersion = 1;
	classes = {
	};
	objectVersion = 77;
	objects = {

/* Begin PBXContainerItemProxy section */
		67B581922CFA102C001F6EB1 /* PBXContainerItemProxy */ = {
			isa = PBXContainerItemProxy;
			containerPortal = 67B581732CFA102B001F6EB1 /* Project object */;
			proxyType = 1;
			remoteGlobalIDString = 67B5817A2CFA102B001F6EB1;
			remoteInfo = Revealio;
		};
		67B5819C2CFA102C001F6EB1 /* PBXContainerItemProxy */ = {
			isa = PBXContainerItemProxy;
			containerPortal = 67B581732CFA102B001F6EB1 /* Project object */;
			proxyType = 1;
			remoteGlobalIDString = 67B5817A2CFA102B001F6EB1;
			remoteInfo = Revealio;
		};
/* End PBXContainerItemProxy section */

/* Begin PBXFileReference section */
		67B5817B2CFA102B001F6EB1 /* Revealio.app */ = {isa = PBXFileReference; explicitFileType = wrapper.application; includeInIndex = 0; path = Revealio.app; sourceTree = BUILT_PRODUCTS_DIR; };
		67B581912CFA102C001F6EB1 /* RevealioTests.xctest */ = {isa = PBXFileReference; explicitFileType = wrapper.cfbundle; includeInIndex = 0; path = RevealioTests.xctest; sourceTree = BUILT_PRODUCTS_DIR; };
		67B5819B2CFA102C001F6EB1 /* RevealioUITests.xctest */ = {isa = PBXFileReference; explicitFileType = wrapper.cfbundle; includeInIndex = 0; path = RevealioUITests.xctest; sourceTree = BUILT_PRODUCTS_DIR; };
/* End PBXFileReference section */

/* Begin PBXFileSystemSynchronizedBuildFileExceptionSet section */
		67B581A32CFA102C001F6EB1 /* Exceptions for "Revealio" folder in "Revealio" target */ = {
			isa = PBXFileSystemSynchronizedBuildFileExceptionSet;
			membershipExceptions = (
				Info.plist,
			);
			target = 67B5817A2CFA102B001F6EB1 /* Revealio */;
		};
/* End PBXFileSystemSynchronizedBuildFileExceptionSet section */

/* Begin PBXFileSystemSynchronizedRootGroup section */
		67B5817D2CFA102B001F6EB1 /* Revealio */ = {
			isa = PBXFileSystemSynchronizedRootGroup;
			exceptions = (
				67B581A32CFA102C001F6EB1 /* Exceptions for "Revealio" folder in "Revealio" target */,
			);
			path = Revealio;
			sourceTree = "<group>";
		};
		67B581942CFA102C001F6EB1 /* RevealioTests */ = {
			isa = PBXFileSystemSynchronizedRootGroup;
			path = RevealioTests;
			sourceTree = "<group>";
		};
		67B5819E2CFA102C001F6EB1 /* RevealioUITests */ = {
			isa = PBXFileSystemSynchronizedRootGroup;
			path = RevealioUITests;
			sourceTree = "<group>";
		};
/* End PBXFileSystemSynchronizedRootGroup section */

/* Begin PBXFrameworksBuildPhase section */
		67B581782CFA102B001F6EB1 /* Frameworks */ = {
			isa = PBXFrameworksBuildPhase;
			buildActionMask = 2147483647;
			files = (
			);
			runOnlyForDeploymentPostprocessing = 0;
		};
		67B5818E2CFA102C001F6EB1 /* Frameworks */ = {
			isa = PBXFrameworksBuildPhase;
			buildActionMask = 2147483647;
			files = (
			);
			runOnlyForDeploymentPostprocessing = 0;
		};
		67B581982CFA102C001F6EB1 /* Frameworks */ = {
			isa = PBXFrameworksBuildPhase;
			buildActionMask = 2147483647;
			files = (
			);
			runOnlyForDeploymentPostprocessing = 0;
		};
/* End PBXFrameworksBuildPhase section */

/* Begin PBXGroup section */
		67B581722CFA102B001F6EB1 = {
			isa = PBXGroup;
			children = (
				67B5817D2CFA102B001F6EB1 /* Revealio */,
				67B581942CFA102C001F6EB1 /* RevealioTests */,
				67B5819E2CFA102C001F6EB1 /* RevealioUITests */,
				67B5817C2CFA102B001F6EB1 /* Products */,
			);
			sourceTree = "<group>";
		};
		67B5817C2CFA102B001F6EB1 /* Products */ = {
			isa = PBXGroup;
			children = (
				67B5817B2CFA102B001F6EB1 /* Revealio.app */,
				67B581912CFA102C001F6EB1 /* RevealioTests.xctest */,
				67B5819B2CFA102C001F6EB1 /* RevealioUITests.xctest */,
			);
			name = Products;
			sourceTree = "<group>";
		};
/* End PBXGroup section */

/* Begin PBXNativeTarget section */
		67B5817A2CFA102B001F6EB1 /* Revealio */ = {
			isa = PBXNativeTarget;
			buildConfigurationList = 67B581A42CFA102C001F6EB1 /* Build configuration list for PBXNativeTarget "Revealio" */;
			buildPhases = (
				67B581772CFA102B001F6EB1 /* Sources */,
				67B581782CFA102B001F6EB1 /* Frameworks */,
				67B581792CFA102B001F6EB1 /* Resources */,
			);
			buildRules = (
			);
			dependencies = (
			);
			fileSystemSynchronizedGroups = (
				67B5817D2CFA102B001F6EB1 /* Revealio */,
			);
			name = Revealio;
			packageProductDependencies = (
			);
			productName = Revealio;
			productReference = 67B5817B2CFA102B001F6EB1 /* Revealio.app */;
			productType = "com.apple.product-type.application";
		};
		67B581902CFA102C001F6EB1 /* RevealioTests */ = {
			isa = PBXNativeTarget;
			buildConfigurationList = 67B581A92CFA102C001F6EB1 /* Build configuration list for PBXNativeTarget "RevealioTests" */;
			buildPhases = (
				67B5818D2CFA102C001F6EB1 /* Sources */,
				67B5818E2CFA102C001F6EB1 /* Frameworks */,
				67B5818F2CFA102C001F6EB1 /* Resources */,
			);
			buildRules = (
			);
			dependencies = (
				67B581932CFA102C001F6EB1 /* PBXTargetDependency */,
			);
			fileSystemSynchronizedGroups = (
				67B581942CFA102C001F6EB1 /* RevealioTests */,
			);
			name = RevealioTests;
			packageProductDependencies = (
			);
			productName = RevealioTests;
			productReference = 67B581912CFA102C001F6EB1 /* RevealioTests.xctest */;
			productType = "com.apple.product-type.bundle.unit-test";
		};
		67B5819A2CFA102C001F6EB1 /* RevealioUITests */ = {
			isa = PBXNativeTarget;
			buildConfigurationList = 67B581AC2CFA102C001F6EB1 /* Build configuration list for PBXNativeTarget "RevealioUITests" */;
			buildPhases = (
				67B581972CFA102C001F6EB1 /* Sources */,
				67B581982CFA102C001F6EB1 /* Frameworks */,
				67B581992CFA102C001F6EB1 /* Resources */,
			);
			buildRules = (
			);
			dependencies = (
				67B5819D2CFA102C001F6EB1 /* PBXTargetDependency */,
			);
			fileSystemSynchronizedGroups = (
				67B5819E2CFA102C001F6EB1 /* RevealioUITests */,
			);
			name = RevealioUITests;
			packageProductDependencies = (
			);
			productName = RevealioUITests;
			productReference = 67B5819B2CFA102C001F6EB1 /* RevealioUITests.xctest */;
			productType = "com.apple.product-type.bundle.ui-testing";
		};
/* End PBXNativeTarget section */

/* Begin PBXProject section */
		67B581732CFA102B001F6EB1 /* Project object */ = {
			isa = PBXProject;
			attributes = {
				BuildIndependentTargetsInParallel = 1;
				LastSwiftUpdateCheck = 1610;
				LastUpgradeCheck = 1610;
				TargetAttributes = {
					67B5817A2CFA102B001F6EB1 = {
						CreatedOnToolsVersion = 16.1;
					};
					67B581902CFA102C001F6EB1 = {
						CreatedOnToolsVersion = 16.1;
						TestTargetID = 67B5817A2CFA102B001F6EB1;
					};
					67B5819A2CFA102C001F6EB1 = {
						CreatedOnToolsVersion = 16.1;
						TestTargetID = 67B5817A2CFA102B001F6EB1;
					};
				};
			};
			buildConfigurationList = 67B581762CFA102B001F6EB1 /* Build configuration list for PBXProject "Revealio" */;
			developmentRegion = en;
			hasScannedForEncodings = 0;
			knownRegions = (
				en,
				Base,
			);
			mainGroup = 67B581722CFA102B001F6EB1;
			minimizedProjectReferenceProxies = 1;
			preferredProjectObjectVersion = 77;
			productRefGroup = 67B5817C2CFA102B001F6EB1 /* Products */;
			projectDirPath = "";
			projectRoot = "";
			targets = (
				67B5817A2CFA102B001F6EB1 /* Revealio */,
				67B581902CFA102C001F6EB1 /* RevealioTests */,
				67B5819A2CFA102C001F6EB1 /* RevealioUITests */,
			);
		};
/* End PBXProject section */

/* Begin PBXResourcesBuildPhase section */
		67B581792CFA102B001F6EB1 /* Resources */ = {
			isa = PBXResourcesBuildPhase;
			buildActionMask = 2147483647;
			files = (
			);
			runOnlyForDeploymentPostprocessing = 0;
		};
		67B5818F2CFA102C001F6EB1 /* Resources */ = {
			isa = PBXResourcesBuildPhase;
			buildActionMask = 2147483647;
			files = (
			);
			runOnlyForDeploymentPostprocessing = 0;
		};
		67B581992CFA102C001F6EB1 /* Resources */ = {
			isa = PBXResourcesBuildPhase;
			buildActionMask = 2147483647;
			files = (
			);
			runOnlyForDeploymentPostprocessing = 0;
		};
/* End PBXResourcesBuildPhase section */

/* Begin PBXSourcesBuildPhase section */
		67B581772CFA102B001F6EB1 /* Sources */ = {
			isa = PBXSourcesBuildPhase;
			buildActionMask = 2147483647;
			files = (
			);
			runOnlyForDeploymentPostprocessing = 0;
		};
		67B5818D2CFA102C001F6EB1 /* Sources */ = {
			isa = PBXSourcesBuildPhase;
			buildActionMask = 2147483647;
			files = (
			);
			runOnlyForDeploymentPostprocessing = 0;
		};
		67B581972CFA102C001F6EB1 /* Sources */ = {
			isa = PBXSourcesBuildPhase;
			buildActionMask = 2147483647;
			files = (
			);
			runOnlyForDeploymentPostprocessing = 0;
		};
/* End PBXSourcesBuildPhase section */

/* Begin PBXTargetDependency section */
		67B581932CFA102C001F6EB1 /* PBXTargetDependency */ = {
			isa = PBXTargetDependency;
			target = 67B5817A2CFA102B001F6EB1 /* Revealio */;
			targetProxy = 67B581922CFA102C001F6EB1 /* PBXContainerItemProxy */;
		};
		67B5819D2CFA102C001F6EB1 /* PBXTargetDependency */ = {
			isa = PBXTargetDependency;
			target = 67B5817A2CFA102B001F6EB1 /* Revealio */;
			targetProxy = 67B5819C2CFA102C001F6EB1 /* PBXContainerItemProxy */;
		};
/* End PBXTargetDependency section */

/* Begin XCBuildConfiguration section */
		67B581A52CFA102C001F6EB1 /* Debug */ = {
			isa = XCBuildConfiguration;
			buildSettings = {
				ASSETCATALOG_COMPILER_APPICON_NAME = AppIcon;
				ASSETCATALOG_COMPILER_GLOBAL_ACCENT_COLOR_NAME = AccentColor;
				CODE_SIGN_STYLE = Automatic;
				CURRENT_PROJECT_VERSION = 1;
				DEVELOPMENT_TEAM = 68Z27E7S2D;
				GENERATE_INFOPLIST_FILE = YES;
				INFOPLIST_FILE = Revealio/Info.plist;
				INFOPLIST_KEY_UIApplicationSupportsIndirectInputEvents = YES;
				INFOPLIST_KEY_UILaunchStoryboardName = LaunchScreen;
				INFOPLIST_KEY_UISupportedInterfaceOrientations_iPad = "UIInterfaceOrientationPortrait UIInterfaceOrientationPortraitUpsideDown UIInterfaceOrientationLandscapeLeft UIInterfaceOrientationLandscapeRight";
				INFOPLIST_KEY_UISupportedInterfaceOrientations_iPhone = "UIInterfaceOrientationPortrait UIInterfaceOrientationLandscapeLeft UIInterfaceOrientationLandscapeRight";
				LD_RUNPATH_SEARCH_PATHS = (
					"$(inherited)",
					"@executable_path/Frameworks",
				);
				MARKETING_VERSION = 1.0;
				PRODUCT_BUNDLE_IDENTIFIER = com.Revealio;
				PRODUCT_NAME = "$(TARGET_NAME)";
				SWIFT_EMIT_LOC_STRINGS = YES;
				SWIFT_VERSION = 5.0;
				TARGETED_DEVICE_FAMILY = "1,2";
			};
			name = Debug;
		};
		67B581A62CFA102C001F6EB1 /* Release */ = {
			isa = XCBuildConfiguration;
			buildSettings = {
				ASSETCATALOG_COMPILER_APPICON_NAME = AppIcon;
				ASSETCATALOG_COMPILER_GLOBAL_ACCENT_COLOR_NAME = AccentColor;
				CODE_SIGN_STYLE = Automatic;
				CURRENT_PROJECT_VERSION = 1;
				DEVELOPMENT_TEAM = 68Z27E7S2D;
				GENERATE_INFOPLIST_FILE = YES;
				INFOPLIST_FILE = Revealio/Info.plist;
				INFOPLIST_KEY_UIApplicationSupportsIndirectInputEvents = YES;
				INFOPLIST_KEY_UILaunchStoryboardName = LaunchScreen;
				INFOPLIST_KEY_UISupportedInterfaceOrientations_iPad = "UIInterfaceOrientationPortrait UIInterfaceOrientationPortraitUpsideDown UIInterfaceOrientationLandscapeLeft UIInterfaceOrientationLandscapeRight";
				INFOPLIST_KEY_UISupportedInterfaceOrientations_iPhone = "UIInterfaceOrientationPortrait UIInterfaceOrientationLandscapeLeft UIInterfaceOrientationLandscapeRight";
				LD_RUNPATH_SEARCH_PATHS = (
					"$(inherited)",
					"@executable_path/Frameworks",
				);
				MARKETING_VERSION = 1.0;
				PRODUCT_BUNDLE_IDENTIFIER = com.Revealio;
				PRODUCT_NAME = "$(TARGET_NAME)";
				SWIFT_EMIT_LOC_STRINGS = YES;
				SWIFT_VERSION = 5.0;
				TARGETED_DEVICE_FAMILY = "1,2";
			};
			name = Release;
		};
		67B581A72CFA102C001F6EB1 /* Debug */ = {
			isa = XCBuildConfiguration;
			buildSettings = {
				ALWAYS_SEARCH_USER_PATHS = NO;
				ASSETCATALOG_COMPILER_GENERATE_SWIFT_ASSET_SYMBOL_EXTENSIONS = YES;
				CLANG_ANALYZER_NONNULL = YES;
				CLANG_ANALYZER_NUMBER_OBJECT_CONVERSION = YES_AGGRESSIVE;
				CLANG_CXX_LANGUAGE_STANDARD = "gnu++20";
				CLANG_ENABLE_MODULES = YES;
				CLANG_ENABLE_OBJC_ARC = YES;
				CLANG_ENABLE_OBJC_WEAK = YES;
				CLANG_WARN_BLOCK_CAPTURE_AUTORELEASING = YES;
				CLANG_WARN_BOOL_CONVERSION = YES;
				CLANG_WARN_COMMA = YES;
				CLANG_WARN_CONSTANT_CONVERSION = YES;
				CLANG_WARN_DEPRECATED_OBJC_IMPLEMENTATIONS = YES;
				CLANG_WARN_DIRECT_OBJC_ISA_USAGE = YES_ERROR;
				CLANG_WARN_DOCUMENTATION_COMMENTS = YES;
				CLANG_WARN_EMPTY_BODY = YES;
				CLANG_WARN_ENUM_CONVERSION = YES;
				CLANG_WARN_INFINITE_RECURSION = YES;
				CLANG_WARN_INT_CONVERSION = YES;
				CLANG_WARN_NON_LITERAL_NULL_CONVERSION = YES;
				CLANG_WARN_OBJC_IMPLICIT_RETAIN_SELF = YES;
				CLANG_WARN_OBJC_LITERAL_CONVERSION = YES;
				CLANG_WARN_OBJC_ROOT_CLASS = YES_ERROR;
				CLANG_WARN_QUOTED_INCLUDE_IN_FRAMEWORK_HEADER = YES;
				CLANG_WARN_RANGE_LOOP_ANALYSIS = YES;
				CLANG_WARN_STRICT_PROTOTYPES = YES;
				CLANG_WARN_SUSPICIOUS_MOVE = YES;
				CLANG_WARN_UNGUARDED_AVAILABILITY = YES_AGGRESSIVE;
				CLANG_WARN_UNREACHABLE_CODE = YES;
				CLANG_WARN__DUPLICATE_METHOD_MATCH = YES;
				COPY_PHASE_STRIP = NO;
				DEBUG_INFORMATION_FORMAT = dwarf;
				ENABLE_STRICT_OBJC_MSGSEND = YES;
				ENABLE_TESTABILITY = YES;
				ENABLE_USER_SCRIPT_SANDBOXING = YES;
				GCC_C_LANGUAGE_STANDARD = gnu17;
				GCC_DYNAMIC_NO_PIC = NO;
				GCC_NO_COMMON_BLOCKS = YES;
				GCC_OPTIMIZATION_LEVEL = 0;
				GCC_PREPROCESSOR_DEFINITIONS = (
					"DEBUG=1",
					"$(inherited)",
				);
				GCC_WARN_64_TO_32_BIT_CONVERSION = YES;
				GCC_WARN_ABOUT_RETURN_TYPE = YES_ERROR;
				GCC_WARN_UNDECLARED_SELECTOR = YES;
				GCC_WARN_UNINITIALIZED_AUTOS = YES_AGGRESSIVE;
				GCC_WARN_UNUSED_FUNCTION = YES;
				GCC_WARN_UNUSED_VARIABLE = YES;
				IPHONEOS_DEPLOYMENT_TARGET = 18.1;
				LOCALIZATION_PREFERS_STRING_CATALOGS = YES;
				MTL_ENABLE_DEBUG_INFO = INCLUDE_SOURCE;
				MTL_FAST_MATH = YES;
				ONLY_ACTIVE_ARCH = YES;
				SDKROOT = iphoneos;
				SWIFT_ACTIVE_COMPILATION_CONDITIONS = "DEBUG $(inherited)";
				SWIFT_OPTIMIZATION_LEVEL = "-Onone";
			};
			name = Debug;
		};
		67B581A82CFA102C001F6EB1 /* Release */ = {
			isa = XCBuildConfiguration;
			buildSettings = {
				ALWAYS_SEARCH_USER_PATHS = NO;
				ASSETCATALOG_COMPILER_GENERATE_SWIFT_ASSET_SYMBOL_EXTENSIONS = YES;
				CLANG_ANALYZER_NONNULL = YES;
				CLANG_ANALYZER_NUMBER_OBJECT_CONVERSION = YES_AGGRESSIVE;
				CLANG_CXX_LANGUAGE_STANDARD = "gnu++20";
				CLANG_ENABLE_MODULES = YES;
				CLANG_ENABLE_OBJC_ARC = YES;
				CLANG_ENABLE_OBJC_WEAK = YES;
				CLANG_WARN_BLOCK_CAPTURE_AUTORELEASING = YES;
				CLANG_WARN_BOOL_CONVERSION = YES;
				CLANG_WARN_COMMA = YES;
				CLANG_WARN_CONSTANT_CONVERSION = YES;
				CLANG_WARN_DEPRECATED_OBJC_IMPLEMENTATIONS = YES;
				CLANG_WARN_DIRECT_OBJC_ISA_USAGE = YES_ERROR;
				CLANG_WARN_DOCUMENTATION_COMMENTS = YES;
				CLANG_WARN_EMPTY_BODY = YES;
				CLANG_WARN_ENUM_CONVERSION = YES;
				CLANG_WARN_INFINITE_RECURSION = YES;
				CLANG_WARN_INT_CONVERSION = YES;
				CLANG_WARN_NON_LITERAL_NULL_CONVERSION = YES;
				CLANG_WARN_OBJC_IMPLICIT_RETAIN_SELF = YES;
				CLANG_WARN_OBJC_LITERAL_CONVERSION = YES;
				CLANG_WARN_OBJC_ROOT_CLASS = YES_ERROR;
				CLANG_WARN_QUOTED_INCLUDE_IN_FRAMEWORK_HEADER = YES;
				CLANG_WARN_RANGE_LOOP_ANALYSIS = YES;
				CLANG_WARN_STRICT_PROTOTYPES = YES;
				CLANG_WARN_SUSPICIOUS_MOVE = YES;
				CLANG_WARN_UNGUARDED_AVAILABILITY = YES_AGGRESSIVE;
				CLANG_WARN_UNREACHABLE_CODE = YES;
				CLANG_WARN__DUPLICATE_METHOD_MATCH = YES;
				COPY_PHASE_STRIP = NO;
				DEBUG_INFORMATION_FORMAT = "dwarf-with-dsym";
				ENABLE_NS_ASSERTIONS = NO;
				ENABLE_STRICT_OBJC_MSGSEND = YES;
				ENABLE_USER_SCRIPT_SANDBOXING = YES;
				GCC_C_LANGUAGE_STANDARD = gnu17;
				GCC_NO_COMMON_BLOCKS = YES;
				GCC_WARN_64_TO_32_BIT_CONVERSION = YES;
				GCC_WARN_ABOUT_RETURN_TYPE = YES_ERROR;
				GCC_WARN_UNDECLARED_SELECTOR = YES;
				GCC_WARN_UNINITIALIZED_AUTOS = YES_AGGRESSIVE;
				GCC_WARN_UNUSED_FUNCTION = YES;
				GCC_WARN_UNUSED_VARIABLE = YES;
				IPHONEOS_DEPLOYMENT_TARGET = 18.1;
				LOCALIZATION_PREFERS_STRING_CATALOGS = YES;
				MTL_ENABLE_DEBUG_INFO = NO;
				MTL_FAST_MATH = YES;
				SDKROOT = iphoneos;
				SWIFT_COMPILATION_MODE = wholemodule;
				VALIDATE_PRODUCT = YES;
			};
			name = Release;
		};
		67B581AA2CFA102C001F6EB1 /* Debug */ = {
			isa = XCBuildConfiguration;
			buildSettings = {
				BUNDLE_LOADER = "$(TEST_HOST)";
				CODE_SIGN_STYLE = Automatic;
				CURRENT_PROJECT_VERSION = 1;
				DEVELOPMENT_TEAM = 68Z27E7S2D;
				GENERATE_INFOPLIST_FILE = YES;
				IPHONEOS_DEPLOYMENT_TARGET = 18.1;
				MARKETING_VERSION = 1.0;
				PRODUCT_BUNDLE_IDENTIFIER = com.RevealioTests;
				PRODUCT_NAME = "$(TARGET_NAME)";
				SWIFT_EMIT_LOC_STRINGS = NO;
				SWIFT_VERSION = 5.0;
				TARGETED_DEVICE_FAMILY = "1,2";
				TEST_HOST = "$(BUILT_PRODUCTS_DIR)/Revealio.app/$(BUNDLE_EXECUTABLE_FOLDER_PATH)/Revealio";
			};
			name = Debug;
		};
		67B581AB2CFA102C001F6EB1 /* Release */ = {
			isa = XCBuildConfiguration;
			buildSettings = {
				BUNDLE_LOADER = "$(TEST_HOST)";
				CODE_SIGN_STYLE = Automatic;
				CURRENT_PROJECT_VERSION = 1;
				DEVELOPMENT_TEAM = 68Z27E7S2D;
				GENERATE_INFOPLIST_FILE = YES;
				IPHONEOS_DEPLOYMENT_TARGET = 18.1;
				MARKETING_VERSION = 1.0;
				PRODUCT_BUNDLE_IDENTIFIER = com.RevealioTests;
				PRODUCT_NAME = "$(TARGET_NAME)";
				SWIFT_EMIT_LOC_STRINGS = NO;
				SWIFT_VERSION = 5.0;
				TARGETED_DEVICE_FAMILY = "1,2";
				TEST_HOST = "$(BUILT_PRODUCTS_DIR)/Revealio.app/$(BUNDLE_EXECUTABLE_FOLDER_PATH)/Revealio";
			};
			name = Release;
		};
		67B581AD2CFA102C001F6EB1 /* Debug */ = {
			isa = XCBuildConfiguration;
			buildSettings = {
				CODE_SIGN_STYLE = Automatic;
				CURRENT_PROJECT_VERSION = 1;
				DEVELOPMENT_TEAM = 68Z27E7S2D;
				GENERATE_INFOPLIST_FILE = YES;
				MARKETING_VERSION = 1.0;
				PRODUCT_BUNDLE_IDENTIFIER = com.RevealioUITests;
				PRODUCT_NAME = "$(TARGET_NAME)";
				SWIFT_EMIT_LOC_STRINGS = NO;
				SWIFT_VERSION = 5.0;
				TARGETED_DEVICE_FAMILY = "1,2";
				TEST_TARGET_NAME = Revealio;
			};
			name = Debug;
		};
		67B581AE2CFA102C001F6EB1 /* Release */ = {
			isa = XCBuildConfiguration;
			buildSettings = {
				CODE_SIGN_STYLE = Automatic;
				CURRENT_PROJECT_VERSION = 1;
				DEVELOPMENT_TEAM = 68Z27E7S2D;
				GENERATE_INFOPLIST_FILE = YES;
				MARKETING_VERSION = 1.0;
				PRODUCT_BUNDLE_IDENTIFIER = com.RevealioUITests;
				PRODUCT_NAME = "$(TARGET_NAME)";
				SWIFT_EMIT_LOC_STRINGS = NO;
				SWIFT_VERSION = 5.0;
				TARGETED_DEVICE_FAMILY = "1,2";
				TEST_TARGET_NAME = Revealio;
			};
			name = Release;
		};
/* End XCBuildConfiguration section */

/* Begin XCConfigurationList section */
		67B581762CFA102B001F6EB1 /* Build configuration list for PBXProject "Revealio" */ = {
			isa = XCConfigurationList;
			buildConfigurations = (
				67B581A72CFA102C001F6EB1 /* Debug */,
				67B581A82CFA102C001F6EB1 /* Release */,
			);
			defaultConfigurationIsVisible = 0;
			defaultConfigurationName = Release;
		};
		67B581A42CFA102C001F6EB1 /* Build configuration list for PBXNativeTarget "Revealio" */ = {
			isa = XCConfigurationList;
			buildConfigurations = (
				67B581A52CFA102C001F6EB1 /* Debug */,
				67B581A62CFA102C001F6EB1 /* Release */,
			);
			defaultConfigurationIsVisible = 0;
			defaultConfigurationName = Release;
		};
		67B581A92CFA102C001F6EB1 /* Build configuration list for PBXNativeTarget "RevealioTests" */ = {
			isa = XCConfigurationList;
			buildConfigurations = (
				67B581AA2CFA102C001F6EB1 /* Debug */,
				67B581AB2CFA102C001F6EB1 /* Release */,
			);
			defaultConfigurationIsVisible = 0;
			defaultConfigurationName = Release;
		};
		67B581AC2CFA102C001F6EB1 /* Build configuration list for PBXNativeTarget "RevealioUITests" */ = {
			isa = XCConfigurationList;
			buildConfigurations = (
				67B581AD2CFA102C001F6EB1 /* Debug */,
				67B581AE2CFA102C001F6EB1 /* Release */,
			);
			defaultConfigurationIsVisible = 0;
			defaultConfigurationName = Release;
		};
/* End XCConfigurationList section */
	};
	rootObject = 67B581732CFA102B001F6EB1 /* Project object */;
}
